
Microsoft Visual Studio Solution File, Format Version 12.00
# Visual Studio 15
VisualStudioVersion = 15.0.28307.168
MinimumVisualStudioVersion = 10.0.40219.1
Project("{FAE04EC0-301F-11D3-BF4B-00C04F79EFBC}") = "WebAppCoreDemo", "WebAppCoreDemo\WebAppCoreDemo.csproj", "{A34E2D70-8D20-40C7-9E91-05D52BAE3B87}"
EndProject
Global
	GlobalSection(SolutionConfigurationPlatforms) = preSolution
		Debug|Any CPU = Debug|Any CPU
		Release|Any CPU = Release|Any CPU
	EndGlobalSection
	GlobalSection(ProjectConfigurationPlatforms) = postSolution
		{A34E2D70-8D20-40C7-9E91-05D52BAE3B87}.Debug|Any CPU.ActiveCfg = Debug|Any CPU
		{A34E2D70-8D20-40C7-9E91-05D52BAE3B87}.Debug|Any CPU.Build.0 = Debug|Any CPU
		{A34E2D70-8D20-40C7-9E91-05D52BAE3B87}.Release|Any CPU.ActiveCfg = Release|Any CPU
		{A34E2D70-8D20-40C7-9E91-05D52BAE3B87}.Release|Any CPU.Build.0 = Release|Any CPU
	EndGlobalSection
	GlobalSection(SolutionProperties) = preSolution
		HideSolutionNode = FALSE
	EndGlobalSection
	GlobalSection(ExtensibilityGlobals) = postSolution
		SolutionGuid = {F95394CA-A1D8-4075-A51E-C352CE26CCFE}
	EndGlobalSection
EndGlobal
